
Microsoft Visual Studio Solution File, Format Version 12.00
# Visual Studio Version 16
VisualStudioVersion = 16.0.31624.102
MinimumVisualStudioVersion = 10.0.40219.1
Project("{8BC9CEB8-8B4A-11D0-8D11-00A0C91BC942}") = "path_tracing2", "path_tracing2\path_tracing2.vcxproj", "{800D30B2-5633-4512-A547-CE13B859B116}"
EndProject
Global
	GlobalSection(SolutionConfigurationPlatforms) = preSolution
		Debug|x64 = Debug|x64
		Debug|x86 = Debug|x86
		Release|x64 = Release|x64
		Release|x86 = Release|x86
	EndGlobalSection
	GlobalSection(ProjectConfigurationPlatforms) = postSolution
		{800D30B2-5633-4512-A547-CE13B859B116}.Debug|x64.ActiveCfg = Debug|x64
		{800D30B2-5633-4512-A547-CE13B859B116}.Debug|x64.Build.0 = Debug|x64
		{800D30B2-5633-4512-A547-CE13B859B116}.Debug|x86.ActiveCfg = Debug|Win32
		{800D30B2-5633-4512-A547-CE13B859B116}.Debug|x86.Build.0 = Debug|Win32
		{800D30B2-5633-4512-A547-CE13B859B116}.Release|x64.ActiveCfg = Release|x64
		{800D30B2-5633-4512-A547-CE13B859B116}.Release|x64.Build.0 = Release|x64
		{800D30B2-5633-4512-A547-CE13B859B116}.Release|x86.ActiveCfg = Release|Win32
		{800D30B2-5633-4512-A547-CE13B859B116}.Release|x86.Build.0 = Release|Win32
	EndGlobalSection
	GlobalSection(SolutionProperties) = preSolution
		HideSolutionNode = FALSE
	EndGlobalSection
	GlobalSection(ExtensibilityGlobals) = postSolution
		SolutionGuid = {AE5369E6-B006-40B8-8395-110BD37D0940}
	EndGlobalSection
EndGlobal
